
Microsoft Visual Studio Solution File, Format Version 12.00
# Visual Studio Version 17
VisualStudioVersion = 17.2.32516.85
MinimumVisualStudioVersion = 10.0.40219.1
Project("{9A19103F-16F7-4668-BE54-9A1E7A4F7556}") = "WCO_Api", "WCO_Api.csproj", "{86DA36B5-AF48-4383-9188-31A90BAF1522}"
EndProject
Project("{FAE04EC0-301F-11D3-BF4B-00C04F79EFBC}") = "WCO_API_Tests", "..\WCO_API_Tests\WCO_API_Tests.csproj", "{A22201F1-7A07-41AA-A9E0-AFC0DED18A6E}"
EndProject
Global
	GlobalSection(SolutionConfigurationPlatforms) = preSolution
		Debug|Any CPU = Debug|Any CPU
		Release|Any CPU = Release|Any CPU
	EndGlobalSection
	GlobalSection(ProjectConfigurationPlatforms) = postSolution
		{86DA36B5-AF48-4383-9188-31A90BAF1522}.Debug|Any CPU.ActiveCfg = Debug|Any CPU
		{86DA36B5-AF48-4383-9188-31A90BAF1522}.Debug|Any CPU.Build.0 = Debug|Any CPU
		{86DA36B5-AF48-4383-9188-31A90BAF1522}.Release|Any CPU.ActiveCfg = Release|Any CPU
		{86DA36B5-AF48-4383-9188-31A90BAF1522}.Release|Any CPU.Build.0 = Release|Any CPU
		{A22201F1-7A07-41AA-A9E0-AFC0DED18A6E}.Debug|Any CPU.ActiveCfg = Debug|Any CPU
		{A22201F1-7A07-41AA-A9E0-AFC0DED18A6E}.Debug|Any CPU.Build.0 = Debug|Any CPU
		{A22201F1-7A07-41AA-A9E0-AFC0DED18A6E}.Release|Any CPU.ActiveCfg = Release|Any CPU
		{A22201F1-7A07-41AA-A9E0-AFC0DED18A6E}.Release|Any CPU.Build.0 = Release|Any CPU
	EndGlobalSection
	GlobalSection(SolutionProperties) = preSolution
		HideSolutionNode = FALSE
	EndGlobalSection
	GlobalSection(ExtensibilityGlobals) = postSolution
		SolutionGuid = {6D10D54A-C47C-4242-BDDF-8C9CE7C083F0}
	EndGlobalSection
EndGlobal
